
Microsoft Visual Studio Solution File, Format Version 12.00
# Visual Studio Version 17
VisualStudioVersion = 17.0.31903.59
MinimumVisualStudioVersion = 10.0.40219.1
Project("{9A19103F-16F7-4668-BE54-9A1E7A4F7556}") = "WebApp", "WebApp\WebApp.csproj", "{B61BFC3A-F58F-4647-B78C-B8AD7C27C17E}"
EndProject
Global
	GlobalSection(SolutionConfigurationPlatforms) = preSolution
		Debug|Any CPU = Debug|Any CPU
		Release|Any CPU = Release|Any CPU
	EndGlobalSection
	GlobalSection(ProjectConfigurationPlatforms) = postSolution
		{B61BFC3A-F58F-4647-B78C-B8AD7C27C17E}.Debug|Any CPU.ActiveCfg = Debug|Any CPU
		{B61BFC3A-F58F-4647-B78C-B8AD7C27C17E}.Debug|Any CPU.Build.0 = Debug|Any CPU
		{B61BFC3A-F58F-4647-B78C-B8AD7C27C17E}.Release|Any CPU.ActiveCfg = Release|Any CPU
		{B61BFC3A-F58F-4647-B78C-B8AD7C27C17E}.Release|Any CPU.Build.0 = Release|Any CPU
	EndGlobalSection
	GlobalSection(SolutionProperties) = preSolution
		HideSolutionNode = FALSE
	EndGlobalSection
	GlobalSection(ExtensibilityGlobals) = postSolution
		SolutionGuid = {E0AB90CF-DA66-46C0-9134-1652A7D252F8}
	EndGlobalSection
EndGlobal
