
Microsoft Visual Studio Solution File, Format Version 12.00
# Visual Studio Version 17
VisualStudioVersion = 17.0.31903.59
MinimumVisualStudioVersion = 10.0.40219.1
Project("{FAE04EC0-301F-11D3-BF4B-00C04F79EFBC}") = "Advanced", "Advanced\Advanced.csproj", "{9EE9CD05-F8D6-41D3-8522-E5E4397D8988}"
EndProject
Project("{FAE04EC0-301F-11D3-BF4B-00C04F79EFBC}") = "BlazorWebAssembly", "BlazorWebAssembly\BlazorWebAssembly.csproj", "{7766F92E-0F47-4E30-96B1-D6B62EC1CEF5}"
EndProject
Project("{FAE04EC0-301F-11D3-BF4B-00C04F79EFBC}") = "DataModel", "DataModel\DataModel.csproj", "{52D84710-D52D-4101-943F-6312C2C23D3D}"
EndProject
Global
	GlobalSection(SolutionProperties) = preSolution
		HideSolutionNode = FALSE
	EndGlobalSection
	GlobalSection(ExtensibilityGlobals) = postSolution
		SolutionGuid = {D38347C1-2FCF-4AD3-BCD0-031DDD6BA043}
	EndGlobalSection
	GlobalSection(SolutionConfigurationPlatforms) = preSolution
		Debug|Any CPU = Debug|Any CPU
		Debug|x64 = Debug|x64
		Debug|x86 = Debug|x86
		Release|Any CPU = Release|Any CPU
		Release|x64 = Release|x64
		Release|x86 = Release|x86
	EndGlobalSection
	GlobalSection(ProjectConfigurationPlatforms) = postSolution
		{9EE9CD05-F8D6-41D3-8522-E5E4397D8988}.Debug|Any CPU.ActiveCfg = Debug|Any CPU
		{9EE9CD05-F8D6-41D3-8522-E5E4397D8988}.Debug|Any CPU.Build.0 = Debug|Any CPU
		{9EE9CD05-F8D6-41D3-8522-E5E4397D8988}.Debug|x64.ActiveCfg = Debug|Any CPU
		{9EE9CD05-F8D6-41D3-8522-E5E4397D8988}.Debug|x64.Build.0 = Debug|Any CPU
		{9EE9CD05-F8D6-41D3-8522-E5E4397D8988}.Debug|x86.ActiveCfg = Debug|Any CPU
		{9EE9CD05-F8D6-41D3-8522-E5E4397D8988}.Debug|x86.Build.0 = Debug|Any CPU
		{9EE9CD05-F8D6-41D3-8522-E5E4397D8988}.Release|Any CPU.ActiveCfg = Release|Any CPU
		{9EE9CD05-F8D6-41D3-8522-E5E4397D8988}.Release|Any CPU.Build.0 = Release|Any CPU
		{9EE9CD05-F8D6-41D3-8522-E5E4397D8988}.Release|x64.ActiveCfg = Release|Any CPU
		{9EE9CD05-F8D6-41D3-8522-E5E4397D8988}.Release|x64.Build.0 = Release|Any CPU
		{9EE9CD05-F8D6-41D3-8522-E5E4397D8988}.Release|x86.ActiveCfg = Release|Any CPU
		{9EE9CD05-F8D6-41D3-8522-E5E4397D8988}.Release|x86.Build.0 = Release|Any CPU
		{7766F92E-0F47-4E30-96B1-D6B62EC1CEF5}.Debug|Any CPU.ActiveCfg = Debug|Any CPU
		{7766F92E-0F47-4E30-96B1-D6B62EC1CEF5}.Debug|Any CPU.Build.0 = Debug|Any CPU
		{7766F92E-0F47-4E30-96B1-D6B62EC1CEF5}.Debug|x64.ActiveCfg = Debug|Any CPU
		{7766F92E-0F47-4E30-96B1-D6B62EC1CEF5}.Debug|x64.Build.0 = Debug|Any CPU
		{7766F92E-0F47-4E30-96B1-D6B62EC1CEF5}.Debug|x86.ActiveCfg = Debug|Any CPU
		{7766F92E-0F47-4E30-96B1-D6B62EC1CEF5}.Debug|x86.Build.0 = Debug|Any CPU
		{7766F92E-0F47-4E30-96B1-D6B62EC1CEF5}.Release|Any CPU.ActiveCfg = Release|Any CPU
		{7766F92E-0F47-4E30-96B1-D6B62EC1CEF5}.Release|Any CPU.Build.0 = Release|Any CPU
		{7766F92E-0F47-4E30-96B1-D6B62EC1CEF5}.Release|x64.ActiveCfg = Release|Any CPU
		{7766F92E-0F47-4E30-96B1-D6B62EC1CEF5}.Release|x64.Build.0 = Release|Any CPU
		{7766F92E-0F47-4E30-96B1-D6B62EC1CEF5}.Release|x86.ActiveCfg = Release|Any CPU
		{7766F92E-0F47-4E30-96B1-D6B62EC1CEF5}.Release|x86.Build.0 = Release|Any CPU
		{52D84710-D52D-4101-943F-6312C2C23D3D}.Debug|Any CPU.ActiveCfg = Debug|Any CPU
		{52D84710-D52D-4101-943F-6312C2C23D3D}.Debug|Any CPU.Build.0 = Debug|Any CPU
		{52D84710-D52D-4101-943F-6312C2C23D3D}.Debug|x64.ActiveCfg = Debug|Any CPU
		{52D84710-D52D-4101-943F-6312C2C23D3D}.Debug|x64.Build.0 = Debug|Any CPU
		{52D84710-D52D-4101-943F-6312C2C23D3D}.Debug|x86.ActiveCfg = Debug|Any CPU
		{52D84710-D52D-4101-943F-6312C2C23D3D}.Debug|x86.Build.0 = Debug|Any CPU
		{52D84710-D52D-4101-943F-6312C2C23D3D}.Release|Any CPU.ActiveCfg = Release|Any CPU
		{52D84710-D52D-4101-943F-6312C2C23D3D}.Release|Any CPU.Build.0 = Release|Any CPU
		{52D84710-D52D-4101-943F-6312C2C23D3D}.Release|x64.ActiveCfg = Release|Any CPU
		{52D84710-D52D-4101-943F-6312C2C23D3D}.Release|x64.Build.0 = Release|Any CPU
		{52D84710-D52D-4101-943F-6312C2C23D3D}.Release|x86.ActiveCfg = Release|Any CPU
		{52D84710-D52D-4101-943F-6312C2C23D3D}.Release|x86.Build.0 = Release|Any CPU
	EndGlobalSection
EndGlobal
